
Microsoft Visual Studio Solution File, Format Version 12.00
# Visual Studio Version 16
VisualStudioVersion = 16.0.30128.74
MinimumVisualStudioVersion = 10.0.40219.1
Project("{9A19103F-16F7-4668-BE54-9A1E7A4F7556}") = "VRCPhotoAlbum", "VRCPhotoAlbum.csproj", "{E51B4D98-D135-4617-9E78-53A66D6C6070}"
EndProject
Project("{9A19103F-16F7-4668-BE54-9A1E7A4F7556}") = "VRCPhotoAlbumTest", "..\VRCPhotoAlbumTest\VRCPhotoAlbumTest.csproj", "{5FD3E0D0-4A32-4BFF-A54D-C4B57F2052E1}"
EndProject
Global
	GlobalSection(SolutionConfigurationPlatforms) = preSolution
		Debug|Any CPU = Debug|Any CPU
		Release|Any CPU = Release|Any CPU
	EndGlobalSection
	GlobalSection(ProjectConfigurationPlatforms) = postSolution
		{E51B4D98-D135-4617-9E78-53A66D6C6070}.Debug|Any CPU.ActiveCfg = Debug|Any CPU
		{E51B4D98-D135-4617-9E78-53A66D6C6070}.Debug|Any CPU.Build.0 = Debug|Any CPU
		{E51B4D98-D135-4617-9E78-53A66D6C6070}.Release|Any CPU.ActiveCfg = Release|Any CPU
		{E51B4D98-D135-4617-9E78-53A66D6C6070}.Release|Any CPU.Build.0 = Release|Any CPU
		{5FD3E0D0-4A32-4BFF-A54D-C4B57F2052E1}.Debug|Any CPU.ActiveCfg = Debug|Any CPU
		{5FD3E0D0-4A32-4BFF-A54D-C4B57F2052E1}.Debug|Any CPU.Build.0 = Debug|Any CPU
		{5FD3E0D0-4A32-4BFF-A54D-C4B57F2052E1}.Release|Any CPU.ActiveCfg = Release|Any CPU
		{5FD3E0D0-4A32-4BFF-A54D-C4B57F2052E1}.Release|Any CPU.Build.0 = Release|Any CPU
	EndGlobalSection
	GlobalSection(SolutionProperties) = preSolution
		HideSolutionNode = FALSE
	EndGlobalSection
	GlobalSection(ExtensibilityGlobals) = postSolution
		SolutionGuid = {F21C728A-E6CB-471F-888F-5A0CF15A3F50}
	EndGlobalSection
EndGlobal
